
Microsoft Visual Studio Solution File, Format Version 12.00
# Visual Studio Version 16
VisualStudioVersion = 16.0.31205.134
MinimumVisualStudioVersion = 10.0.40219.1
Project("{FAE04EC0-301F-11D3-BF4B-00C04F79EFBC}") = "FavourShop", "FavourShop\FavourShop.csproj", "{A8DA9F0E-5B31-4EBF-A0B7-8B966725FA8D}"
EndProject
Global
	GlobalSection(SolutionConfigurationPlatforms) = preSolution
		Debug|Any CPU = Debug|Any CPU
		Release|Any CPU = Release|Any CPU
	EndGlobalSection
	GlobalSection(ProjectConfigurationPlatforms) = postSolution
		{A8DA9F0E-5B31-4EBF-A0B7-8B966725FA8D}.Debug|Any CPU.ActiveCfg = Debug|Any CPU
		{A8DA9F0E-5B31-4EBF-A0B7-8B966725FA8D}.Debug|Any CPU.Build.0 = Debug|Any CPU
		{A8DA9F0E-5B31-4EBF-A0B7-8B966725FA8D}.Release|Any CPU.ActiveCfg = Release|Any CPU
		{A8DA9F0E-5B31-4EBF-A0B7-8B966725FA8D}.Release|Any CPU.Build.0 = Release|Any CPU
	EndGlobalSection
	GlobalSection(SolutionProperties) = preSolution
		HideSolutionNode = FALSE
	EndGlobalSection
	GlobalSection(ExtensibilityGlobals) = postSolution
		SolutionGuid = {FCB40508-9C13-46BB-BA37-BE68C4B6D488}
	EndGlobalSection
EndGlobal
