
Microsoft Visual Studio Solution File, Format Version 12.00
# Visual Studio Version 16
VisualStudioVersion = 16.0.31005.135
MinimumVisualStudioVersion = 10.0.40219.1
Project("{FAE04EC0-301F-11D3-BF4B-00C04F79EFBC}") = "test1.1", "test1.1\test1.1.csproj", "{0F7B0DCA-7937-4392-8323-E51666D14E79}"
EndProject
Global
	GlobalSection(SolutionConfigurationPlatforms) = preSolution
		Debug|Any CPU = Debug|Any CPU
		Release|Any CPU = Release|Any CPU
	EndGlobalSection
	GlobalSection(ProjectConfigurationPlatforms) = postSolution
		{0F7B0DCA-7937-4392-8323-E51666D14E79}.Debug|Any CPU.ActiveCfg = Debug|Any CPU
		{0F7B0DCA-7937-4392-8323-E51666D14E79}.Debug|Any CPU.Build.0 = Debug|Any CPU
		{0F7B0DCA-7937-4392-8323-E51666D14E79}.Release|Any CPU.ActiveCfg = Release|Any CPU
		{0F7B0DCA-7937-4392-8323-E51666D14E79}.Release|Any CPU.Build.0 = Release|Any CPU
	EndGlobalSection
	GlobalSection(SolutionProperties) = preSolution
		HideSolutionNode = FALSE
	EndGlobalSection
	GlobalSection(ExtensibilityGlobals) = postSolution
		SolutionGuid = {7B7A1E09-C730-40DF-9A83-728CE950BEB1}
	EndGlobalSection
EndGlobal
